{
  "name": "@heliomarpm/ion-calendar",
  "version": "0.0.2",
  "lockfileVersion": 3,
  "requires": true,
  "packages": {
    "": {
      "name": "@heliomarpm/ion-calendar",
      "version": "0.0.2",
      "license": "MIT",
      "dependencies": {
        "tslib": "^2.3.0"
      },
      "devDependencies": {
        "@ionic/angular": "^6.0.0",
        "@types/luxon": "^3.3.2"
      },
      "peerDependencies": {
        "@angular/common": "^16.2.0",
        "@angular/core": "^16.2.0",
        "luxon": "^3.4.3"
      }
    },
    "node_modules/@angular/common": {
      "version": "16.2.8",
      "resolved": "https://registry.npmjs.org/@angular/common/-/common-16.2.8.tgz",
      "integrity": "sha512-0LZSBHnk9c6XPcrQx9D8i0DKi807IuiuOtK4kMa64aj1pySY3TK+uort5hqpmhgdqiCbBHZjgpRpU83LoTTl3w==",
      "peer": true,
      "dependencies": {
        "tslib": "^2.3.0"
      },
      "engines": {
        "node": "^16.14.0 || >=18.10.0"
      },
      "peerDependencies": {
        "@angular/core": "16.2.8",
        "rxjs": "^6.5.3 || ^7.4.0"
      }
    },
    "node_modules/@angular/core": {
      "version": "16.2.8",
      "resolved": "https://registry.npmjs.org/@angular/core/-/core-16.2.8.tgz",
      "integrity": "sha512-v3kwZsjf7mKBGMky+UfxV3iwA1BFy1c3gmjyHSPSll9TPr2jkfwstoB2Cc+wmS2S9ezHFAMX++XXRymKVRQzQg==",
      "peer": true,
      "dependencies": {
        "tslib": "^2.3.0"
      },
      "engines": {
        "node": "^16.14.0 || >=18.10.0"
      },
      "peerDependencies": {
        "rxjs": "^6.5.3 || ^7.4.0",
        "zone.js": "~0.13.0"
      }
    },
    "node_modules/@angular/forms": {
      "version": "16.2.8",
      "resolved": "https://registry.npmjs.org/@angular/forms/-/forms-16.2.8.tgz",
      "integrity": "sha512-EKv9hdajLnFjz6lH5O8rWtFPqUWws7w+CCoFZw+z+9D6onM26w4Fw0Ng7PMP3g9zGGC4YyqEl729mBsgxAO+7A==",
      "dev": true,
      "peer": true,
      "dependencies": {
        "tslib": "^2.3.0"
      },
      "engines": {
        "node": "^16.14.0 || >=18.10.0"
      },
      "peerDependencies": {
        "@angular/common": "16.2.8",
        "@angular/core": "16.2.8",
        "@angular/platform-browser": "16.2.8",
        "rxjs": "^6.5.3 || ^7.4.0"
      }
    },
    "node_modules/@angular/platform-browser": {
      "version": "16.2.8",
      "resolved": "https://registry.npmjs.org/@angular/platform-browser/-/platform-browser-16.2.8.tgz",
      "integrity": "sha512-y0rt8HmnTjvZrqt+bKU5CnmaI7xQiRWIaLWpYXGgqcqqMDgMYwSm2lV3H6K6S1v0ut+Q+zIWj2rGjr8Apox34Q==",
      "dev": true,
      "peer": true,
      "dependencies": {
        "tslib": "^2.3.0"
      },
      "engines": {
        "node": "^16.14.0 || >=18.10.0"
      },
      "peerDependencies": {
        "@angular/animations": "16.2.8",
        "@angular/common": "16.2.8",
        "@angular/core": "16.2.8"
      },
      "peerDependenciesMeta": {
        "@angular/animations": {
          "optional": true
        }
      }
    },
    "node_modules/@angular/router": {
      "version": "16.2.8",
      "resolved": "https://registry.npmjs.org/@angular/router/-/router-16.2.8.tgz",
      "integrity": "sha512-mWpapabWtk8Qtyb2BalXtvud9m6BCiKg8moJNb8dEAGjDzMTWqWOr4zkFHoIFX+gj2JKKDa6btPWVD6J5K6Ojg==",
      "dev": true,
      "peer": true,
      "dependencies": {
        "tslib": "^2.3.0"
      },
      "engines": {
        "node": "^16.14.0 || >=18.10.0"
      },
      "peerDependencies": {
        "@angular/common": "16.2.8",
        "@angular/core": "16.2.8",
        "@angular/platform-browser": "16.2.8",
        "rxjs": "^6.5.3 || ^7.4.0"
      }
    },
    "node_modules/@ionic/angular": {
      "version": "6.0.0",
      "resolved": "https://registry.npmjs.org/@ionic/angular/-/angular-6.0.0.tgz",
      "integrity": "sha512-BCbPMLHsZCGxNij/b6JDFDWXZNKi47VWK3XEH72nkE8xGJ47RXGjDXeVrtc+2TM1TxSm+J8tL+P3hnSgoBgyMQ==",
      "dev": true,
      "dependencies": {
        "@ionic/core": "6.0.0",
        "jsonc-parser": "^3.0.0",
        "tslib": "^2.0.0"
      },
      "peerDependencies": {
        "@angular/core": ">=12.0.0",
        "@angular/forms": ">=12.0.0",
        "@angular/router": ">=12.0.0",
        "rxjs": ">=6.6.0",
        "zone.js": ">=0.11.0"
      }
    },
    "node_modules/@ionic/core": {
      "version": "6.0.0",
      "resolved": "https://registry.npmjs.org/@ionic/core/-/core-6.0.0.tgz",
      "integrity": "sha512-3e5EJhDebK4pCiFREpNB95o2kBSAdhRb3eMsBDOCYWYuFlcZEOGOpiGx+kYF/klYVQnB45UXAmR8nCX1indmHQ==",
      "dev": true,
      "dependencies": {
        "@stencil/core": "~2.11.0-0",
        "ionicons": "^6.0.0",
        "tslib": "^2.1.0"
      }
    },
    "node_modules/@stencil/core": {
      "version": "2.11.0",
      "resolved": "https://registry.npmjs.org/@stencil/core/-/core-2.11.0.tgz",
      "integrity": "sha512-/IubCWhVXCguyMUp/3zGrg3c882+RJNg/zpiKfyfJL3kRCOwe+/MD8OoAXVGdd+xAohZKIi1Ik+EHFlsptsjLg==",
      "dev": true,
      "bin": {
        "stencil": "bin/stencil"
      },
      "engines": {
        "node": ">=12.10.0",
        "npm": ">=6.0.0"
      }
    },
    "node_modules/@types/luxon": {
      "version": "3.3.2",
      "resolved": "https://registry.npmjs.org/@types/luxon/-/luxon-3.3.2.tgz",
      "integrity": "sha512-l5cpE57br4BIjK+9BSkFBOsWtwv6J9bJpC7gdXIzZyI0vuKvNTk0wZZrkQxMGsUAuGW9+WMNWF2IJMD7br2yeQ==",
      "dev": true
    },
    "node_modules/ionicons": {
      "version": "6.1.3",
      "resolved": "https://registry.npmjs.org/ionicons/-/ionicons-6.1.3.tgz",
      "integrity": "sha512-ptzz38dd/Yq+PgjhXegh7yhb/SLIk1bvL9vQDtLv1aoSc7alO6mX2DIMgcKYzt9vrNWkRu1f9Jr78zIFFyOXqw==",
      "dev": true,
      "dependencies": {
        "@stencil/core": "^2.18.0"
      }
    },
    "node_modules/ionicons/node_modules/@stencil/core": {
      "version": "2.22.3",
      "resolved": "https://registry.npmjs.org/@stencil/core/-/core-2.22.3.tgz",
      "integrity": "sha512-kmVA0M/HojwsfkeHsifvHVIYe4l5tin7J5+DLgtl8h6WWfiMClND5K3ifCXXI2ETDNKiEk21p6jql3Fx9o2rng==",
      "dev": true,
      "bin": {
        "stencil": "bin/stencil"
      },
      "engines": {
        "node": ">=12.10.0",
        "npm": ">=6.0.0"
      }
    },
    "node_modules/jsonc-parser": {
      "version": "3.2.0",
      "resolved": "https://registry.npmjs.org/jsonc-parser/-/jsonc-parser-3.2.0.tgz",
      "integrity": "sha512-gfFQZrcTc8CnKXp6Y4/CBT3fTc0OVuDofpre4aEeEpSBPV5X5v4+Vmx+8snU7RLPrNHPKSgLxGo9YuQzz20o+w==",
      "dev": true
    },
    "node_modules/luxon": {
      "version": "3.4.3",
      "resolved": "https://registry.npmjs.org/luxon/-/luxon-3.4.3.tgz",
      "integrity": "sha512-tFWBiv3h7z+T/tDaoxA8rqTxy1CHV6gHS//QdaH4pulbq/JuBSGgQspQQqcgnwdAx6pNI7cmvz5Sv/addzHmUg==",
      "peer": true,
      "engines": {
        "node": ">=12"
      }
    },
    "node_modules/rxjs": {
      "version": "7.8.1",
      "resolved": "https://registry.npmjs.org/rxjs/-/rxjs-7.8.1.tgz",
      "integrity": "sha512-AA3TVj+0A2iuIoQkWEK/tqFjBq2j+6PO6Y0zJcvzLAFhEFIO3HL0vls9hWLncZbAAbK0mar7oZ4V079I/qPMxg==",
      "peer": true,
      "dependencies": {
        "tslib": "^2.1.0"
      }
    },
    "node_modules/tslib": {
      "version": "2.6.2",
      "resolved": "https://registry.npmjs.org/tslib/-/tslib-2.6.2.tgz",
      "integrity": "sha512-AEYxH93jGFPn/a2iVAwW87VuUIkR1FVUKB77NwMF7nBTDkDrrT/Hpt/IrCJ0QXhW27jTBDcf5ZY7w6RiqTMw2Q=="
    },
    "node_modules/zone.js": {
      "version": "0.13.3",
      "resolved": "https://registry.npmjs.org/zone.js/-/zone.js-0.13.3.tgz",
      "integrity": "sha512-MKPbmZie6fASC/ps4dkmIhaT5eonHkEt6eAy80K42tAm0G2W+AahLJjbfi6X9NPdciOE9GRFTTM8u2IiF6O3ww==",
      "peer": true,
      "dependencies": {
        "tslib": "^2.3.0"
      }
    }
  }
}
